PODS:
  - Alamofire (4.5.0)
  - ChameleonFramework/Default (2.1.0)
  - ChameleonFramework/Swift (2.1.0):
    - ChameleonFramework/Default
  - SwiftyJSON (2.3.2)

DEPENDENCIES:
  - Alamofire (~> 4.0)
  - ChameleonFramework/Swift (from `https://github.com/ViccAlexander/Chameleon.git`)
  - SwiftyJSON (from `https://github.com/acegreen/SwiftyJSON.git`, branch `swift3`)

EXTERNAL SOURCES:
  ChameleonFramework:
    :git: https://github.com/ViccAlexander/Chameleon.git
  SwiftyJSON:
    :branch: swift3
    :git: https://github.com/acegreen/SwiftyJSON.git

CHECKOUT OPTIONS:
  ChameleonFramework:
    :commit: 6dd284bde21ea2e7f9fd89bc36f40df16e16369d
    :git: https://github.com/ViccAlexander/Chameleon.git
  SwiftyJSON:
    :commit: 8971384559780e631b041ac91b16734a396d4c14
    :git: https://github.com/acegreen/SwiftyJSON.git

SPEC CHECKSUMS:
  Alamofire: f28cdffd29de33a7bfa022cbd63ae95a27fae140
  ChameleonFramework: d21a3cc247abfe5e37609a283a8238b03575cf64
  SwiftyJSON: 04ccea08915aa0109039157c7974cf0298da292a

PODFILE CHECKSUM: 7e2b53e204d916bcfba876008166b5e39ae70e0d

COCOAPODS: 1.2.1
